
Microsoft Visual Studio Solution File, Format Version 12.00
# Visual Studio Version 17
VisualStudioVersion = 17.0.32014.148
MinimumVisualStudioVersion = 10.0.40219.1
Project("{FAE04EC0-301F-11D3-BF4B-00C04F79EFBC}") = "ObeTools", "ObeTools.csproj", "{EA5BF21D-DE39-4FA2-AD69-E3172543E18D}"
EndProject
Global
	GlobalSection(SolutionConfigurationPlatforms) = preSolution
		Debug|Any CPU = Debug|Any CPU
		Release|Any CPU = Release|Any CPU
	EndGlobalSection
	GlobalSection(ProjectConfigurationPlatforms) = postSolution
		{EA5BF21D-DE39-4FA2-AD69-E3172543E18D}.Debug|Any CPU.ActiveCfg = Debug|Any CPU
		{EA5BF21D-DE39-4FA2-AD69-E3172543E18D}.Debug|Any CPU.Build.0 = Debug|Any CPU
		{EA5BF21D-DE39-4FA2-AD69-E3172543E18D}.Release|Any CPU.ActiveCfg = Release|Any CPU
		{EA5BF21D-DE39-4FA2-AD69-E3172543E18D}.Release|Any CPU.Build.0 = Release|Any CPU
	EndGlobalSection
	GlobalSection(SolutionProperties) = preSolution
		HideSolutionNode = FALSE
	EndGlobalSection
	GlobalSection(ExtensibilityGlobals) = postSolution
		SolutionGuid = {0D3D877A-9DF4-4710-9FA3-20A1C29F1450}
	EndGlobalSection
EndGlobal
